# THIS IS AN AUTOGENERATED FILE. DO NOT EDIT THIS FILE DIRECTLY.
# yarn lockfile v1


commander@^2.9.0:
  version "2.20.3"
  resolved "https://registry.yarnpkg.com/commander/-/commander-2.20.3.tgz#fd485e84c03eb4881c20722ba48035e8531aeb33"
  integrity sha512-GpVkmM8vF2vQUkj2LvZmD35JxeJOLCwJ9cUkugyk2nuhbv3+mJvpLYYt+0+USMxE+oj+ey/lJEnhZw75x/OMcQ==

concat@^1.0.3:
  version "1.0.3"
  resolved "https://registry.yarnpkg.com/concat/-/concat-1.0.3.tgz#40f3353089d65467695cb1886b45edd637d8cca8"
  integrity sha1-QPM1MInWVGdpXLGIa0Xt1jfYzKg=
  dependencies:
    commander "^2.9.0"
